// !$*UTF8*$!
{
	archiveVersion = 1;
	classes = {
	};
	objectVersion = 56;
	objects = {

/* Begin PBXBuildFile section */
		F8046C072BB5C57400A15CF0 /* Genre.swift in Sources */ = {isa = PBXBuildFile; fileRef = F8046C062BB5C57400A15CF0 /* Genre.swift */; };
		F8046C092BB5C7BA00A15CF0 /* Color+Extension.swift in Sources */ = {isa = PBXBuildFile; fileRef = F8046C082BB5C7BA00A15CF0 /* Color+Extension.swift */; };
		F8046C0B2BB5C7E800A15CF0 /* UIColor+Extension.swift in Sources */ = {isa = PBXBuildFile; fileRef = F8046C0A2BB5C7E800A15CF0 /* UIColor+Extension.swift */; };
		F8046C0D2BB5C9E900A15CF0 /* GenreSamples.swift in Sources */ = {isa = PBXBuildFile; fileRef = F8046C0C2BB5C9E900A15CF0 /* GenreSamples.swift */; };
		F8046C152BB8650A00A15CF0 /* GenresView.swift in Sources */ = {isa = PBXBuildFile; fileRef = F8046C142BB8650A00A15CF0 /* GenresView.swift */; };
		F8046C172BB944E200A15CF0 /* NewGenreView.swift in Sources */ = {isa = PBXBuildFile; fileRef = F8046C162BB944E200A15CF0 /* NewGenreView.swift */; };
		F80A3F882B9DF7F100D2869B /* BookSamples.swift in Sources */ = {isa = PBXBuildFile; fileRef = F80A3F872B9DF7F100D2869B /* BookSamples.swift */; };
		F80A3F8A2B9DFAA300D2869B /* PreviewContainer.swift in Sources */ = {isa = PBXBuildFile; fileRef = F80A3F892B9DFAA300D2869B /* PreviewContainer.swift */; };
		F8CBBA862B94BCCA003205D7 /* MyBooksApp.swift in Sources */ = {isa = PBXBuildFile; fileRef = F8CBBA852B94BCCA003205D7 /* MyBooksApp.swift */; };
		F8CBBA882B94BCCA003205D7 /* BookListView.swift in Sources */ = {isa = PBXBuildFile; fileRef = F8CBBA872B94BCCA003205D7 /* BookListView.swift */; };
		F8CBBA8A2B94BCCB003205D7 /* Assets.xcassets in Resources */ = {isa = PBXBuildFile; fileRef = F8CBBA892B94BCCB003205D7 /* Assets.xcassets */; };
		F8CBBA8D2B94BCCB003205D7 /* Preview Assets.xcassets in Resources */ = {isa = PBXBuildFile; fileRef = F8CBBA8C2B94BCCB003205D7 /* Preview Assets.xcassets */; };
		F8CBBA942B94BD0A003205D7 /* Book.swift in Sources */ = {isa = PBXBuildFile; fileRef = F8CBBA932B94BD0A003205D7 /* Book.swift */; };
		F8CBBA962B94D0DF003205D7 /* NewBookView.swift in Sources */ = {isa = PBXBuildFile; fileRef = F8CBBA952B94D0DF003205D7 /* NewBookView.swift */; };
		F8CBBA982B960CFC003205D7 /* EditBookView.swift in Sources */ = {isa = PBXBuildFile; fileRef = F8CBBA972B960CFC003205D7 /* EditBookView.swift */; };
		F8CBBA9A2B962464003205D7 /* RatingsView.swift in Sources */ = {isa = PBXBuildFile; fileRef = F8CBBA992B962464003205D7 /* RatingsView.swift */; };
		F8F530C62B9F3E53002E6CF0 /* BookList.swift in Sources */ = {isa = PBXBuildFile; fileRef = F8F530C52B9F3E53002E6CF0 /* BookList.swift */; };
		F8F530C82BA5EAEB002E6CF0 /* Quote.swift in Sources */ = {isa = PBXBuildFile; fileRef = F8F530C72BA5EAEB002E6CF0 /* Quote.swift */; };
		F8F530CA2BA5ED17002E6CF0 /* QuotesListView.swift in Sources */ = {isa = PBXBuildFile; fileRef = F8F530C92BA5ED17002E6CF0 /* QuotesListView.swift */; };
/* End PBXBuildFile section */

/* Begin PBXFileReference section */
		F8046C062BB5C57400A15CF0 /* Genre.swift */ = {isa = PBXFileReference; lastKnownFileType = sourcecode.swift; path = Genre.swift; sourceTree = "<group>"; };
		F8046C082BB5C7BA00A15CF0 /* Color+Extension.swift */ = {isa = PBXFileReference; lastKnownFileType = sourcecode.swift; path = "Color+Extension.swift"; sourceTree = "<group>"; };
		F8046C0A2BB5C7E800A15CF0 /* UIColor+Extension.swift */ = {isa = PBXFileReference; lastKnownFileType = sourcecode.swift; path = "UIColor+Extension.swift"; sourceTree = "<group>"; };
		F8046C0C2BB5C9E900A15CF0 /* GenreSamples.swift */ = {isa = PBXFileReference; lastKnownFileType = sourcecode.swift; path = GenreSamples.swift; sourceTree = "<group>"; };
		F8046C142BB8650A00A15CF0 /* GenresView.swift */ = {isa = PBXFileReference; lastKnownFileType = sourcecode.swift; path = GenresView.swift; sourceTree = "<group>"; };
		F8046C162BB944E200A15CF0 /* NewGenreView.swift */ = {isa = PBXFileReference; lastKnownFileType = sourcecode.swift; path = NewGenreView.swift; sourceTree = "<group>"; };
		F80A3F872B9DF7F100D2869B /* BookSamples.swift */ = {isa = PBXFileReference; lastKnownFileType = sourcecode.swift; path = BookSamples.swift; sourceTree = "<group>"; };
		F80A3F892B9DFAA300D2869B /* PreviewContainer.swift */ = {isa = PBXFileReference; lastKnownFileType = sourcecode.swift; path = PreviewContainer.swift; sourceTree = "<group>"; };
		F8CBBA822B94BCCA003205D7 /* MyBooks.app */ = {isa = PBXFileReference; explicitFileType = wrapper.application; includeInIndex = 0; path = MyBooks.app; sourceTree = BUILT_PRODUCTS_DIR; };
		F8CBBA852B94BCCA003205D7 /* MyBooksApp.swift */ = {isa = PBXFileReference; lastKnownFileType = sourcecode.swift; path = MyBooksApp.swift; sourceTree = "<group>"; };
		F8CBBA872B94BCCA003205D7 /* BookListView.swift */ = {isa = PBXFileReference; lastKnownFileType = sourcecode.swift; path = BookListView.swift; sourceTree = "<group>"; };
		F8CBBA892B94BCCB003205D7 /* Assets.xcassets */ = {isa = PBXFileReference; lastKnownFileType = folder.assetcatalog; path = Assets.xcassets; sourceTree = "<group>"; };
		F8CBBA8C2B94BCCB003205D7 /* Preview Assets.xcassets */ = {isa = PBXFileReference; lastKnownFileType = folder.assetcatalog; path = "Preview Assets.xcassets"; sourceTree = "<group>"; };
		F8CBBA932B94BD0A003205D7 /* Book.swift */ = {isa = PBXFileReference; lastKnownFileType = sourcecode.swift; path = Book.swift; sourceTree = "<group>"; };
		F8CBBA952B94D0DF003205D7 /* NewBookView.swift */ = {isa = PBXFileReference; lastKnownFileType = sourcecode.swift; path = NewBookView.swift; sourceTree = "<group>"; };
		F8CBBA972B960CFC003205D7 /* EditBookView.swift */ = {isa = PBXFileReference; lastKnownFileType = sourcecode.swift; path = EditBookView.swift; sourceTree = "<group>"; };
		F8CBBA992B962464003205D7 /* RatingsView.swift */ = {isa = PBXFileReference; lastKnownFileType = sourcecode.swift; path = RatingsView.swift; sourceTree = "<group>"; };
		F8F530C52B9F3E53002E6CF0 /* BookList.swift */ = {isa = PBXFileReference; lastKnownFileType = sourcecode.swift; path = BookList.swift; sourceTree = "<group>"; };
		F8F530C72BA5EAEB002E6CF0 /* Quote.swift */ = {isa = PBXFileReference; lastKnownFileType = sourcecode.swift; path = Quote.swift; sourceTree = "<group>"; };
		F8F530C92BA5ED17002E6CF0 /* QuotesListView.swift */ = {isa = PBXFileReference; lastKnownFileType = sourcecode.swift; path = QuotesListView.swift; sourceTree = "<group>"; };
/* End PBXFileReference section */

/* Begin PBXFrameworksBuildPhase section */
		F8CBBA7F2B94BCCA003205D7 /* Frameworks */ = {
			isa = PBXFrameworksBuildPhase;
			buildActionMask = 2147483647;
			files = (
			);
			runOnlyForDeploymentPostprocessing = 0;
		};
/* End PBXFrameworksBuildPhase section */

/* Begin PBXGroup section */
		F8046C0E2BB5CB9900A15CF0 /* Book */ = {
			isa = PBXGroup;
			children = (
				F8CBBA872B94BCCA003205D7 /* BookListView.swift */,
				F8CBBA972B960CFC003205D7 /* EditBookView.swift */,
				F8CBBA952B94D0DF003205D7 /* NewBookView.swift */,
				F8F530C52B9F3E53002E6CF0 /* BookList.swift */,
			);
			path = Book;
			sourceTree = "<group>";
		};
		F8046C0F2BB5CBD300A15CF0 /* Models */ = {
			isa = PBXGroup;
			children = (
				F8CBBA932B94BD0A003205D7 /* Book.swift */,
				F8F530C72BA5EAEB002E6CF0 /* Quote.swift */,
				F8046C062BB5C57400A15CF0 /* Genre.swift */,
			);
			path = Models;
			sourceTree = "<group>";
		};
		F8046C102BB5CBF800A15CF0 /* Extensions */ = {
			isa = PBXGroup;
			children = (
				F8046C082BB5C7BA00A15CF0 /* Color+Extension.swift */,
				F8046C0A2BB5C7E800A15CF0 /* UIColor+Extension.swift */,
			);
			path = Extensions;
			sourceTree = "<group>";
		};
		F8046C112BB5CC1200A15CF0 /* Quotes */ = {
			isa = PBXGroup;
			children = (
				F8F530C92BA5ED17002E6CF0 /* QuotesListView.swift */,
			);
			path = Quotes;
			sourceTree = "<group>";
		};
		F8046C122BB5CC3500A15CF0 /* AccessoryView */ = {
			isa = PBXGroup;
			children = (
				F8CBBA992B962464003205D7 /* RatingsView.swift */,
			);
			path = AccessoryView;
			sourceTree = "<group>";
		};
		F8046C132BB5CCAE00A15CF0 /* Genres */ = {
			isa = PBXGroup;
			children = (
				F8046C142BB8650A00A15CF0 /* GenresView.swift */,
				F8046C162BB944E200A15CF0 /* NewGenreView.swift */,
			);
			path = Genres;
			sourceTree = "<group>";
		};
		F8CBBA792B94BCCA003205D7 = {
			isa = PBXGroup;
			children = (
				F8CBBA842B94BCCA003205D7 /* MyBooks */,
				F8CBBA832B94BCCA003205D7 /* Products */,
			);
			sourceTree = "<group>";
		};
		F8CBBA832B94BCCA003205D7 /* Products */ = {
			isa = PBXGroup;
			children = (
				F8CBBA822B94BCCA003205D7 /* MyBooks.app */,
			);
			name = Products;
			sourceTree = "<group>";
		};
		F8CBBA842B94BCCA003205D7 /* MyBooks */ = {
			isa = PBXGroup;
			children = (
				F8046C132BB5CCAE00A15CF0 /* Genres */,
				F8CBBA852B94BCCA003205D7 /* MyBooksApp.swift */,
				F8046C112BB5CC1200A15CF0 /* Quotes */,
				F8046C0E2BB5CB9900A15CF0 /* Book */,
				F8046C0F2BB5CBD300A15CF0 /* Models */,
				F8046C122BB5CC3500A15CF0 /* AccessoryView */,
				F8046C102BB5CBF800A15CF0 /* Extensions */,
				F8CBBA892B94BCCB003205D7 /* Assets.xcassets */,
				F8CBBA8B2B94BCCB003205D7 /* Preview Content */,
			);
			path = MyBooks;
			sourceTree = "<group>";
		};
		F8CBBA8B2B94BCCB003205D7 /* Preview Content */ = {
			isa = PBXGroup;
			children = (
				F8CBBA8C2B94BCCB003205D7 /* Preview Assets.xcassets */,
				F80A3F872B9DF7F100D2869B /* BookSamples.swift */,
				F80A3F892B9DFAA300D2869B /* PreviewContainer.swift */,
				F8046C0C2BB5C9E900A15CF0 /* GenreSamples.swift */,
			);
			path = "Preview Content";
			sourceTree = "<group>";
		};
/* End PBXGroup section */

/* Begin PBXNativeTarget section */
		F8CBBA812B94BCCA003205D7 /* MyBooks */ = {
			isa = PBXNativeTarget;
			buildConfigurationList = F8CBBA902B94BCCB003205D7 /* Build configuration list for PBXNativeTarget "MyBooks" */;
			buildPhases = (
				F8CBBA7E2B94BCCA003205D7 /* Sources */,
				F8CBBA7F2B94BCCA003205D7 /* Frameworks */,
				F8CBBA802B94BCCA003205D7 /* Resources */,
			);
			buildRules = (
			);
			dependencies = (
			);
			name = MyBooks;
			productName = MyBooks;
			productReference = F8CBBA822B94BCCA003205D7 /* MyBooks.app */;
			productType = "com.apple.product-type.application";
		};
/* End PBXNativeTarget section */

/* Begin PBXProject section */
		F8CBBA7A2B94BCCA003205D7 /* Project object */ = {
			isa = PBXProject;
			attributes = {
				BuildIndependentTargetsInParallel = 1;
				LastSwiftUpdateCheck = 1520;
				LastUpgradeCheck = 1520;
				TargetAttributes = {
					F8CBBA812B94BCCA003205D7 = {
						CreatedOnToolsVersion = 15.2;
					};
				};
			};
			buildConfigurationList = F8CBBA7D2B94BCCA003205D7 /* Build configuration list for PBXProject "MyBooks" */;
			compatibilityVersion = "Xcode 14.0";
			developmentRegion = en;
			hasScannedForEncodings = 0;
			knownRegions = (
				en,
				Base,
			);
			mainGroup = F8CBBA792B94BCCA003205D7;
			productRefGroup = F8CBBA832B94BCCA003205D7 /* Products */;
			projectDirPath = "";
			projectRoot = "";
			targets = (
				F8CBBA812B94BCCA003205D7 /* MyBooks */,
			);
		};
/* End PBXProject section */

/* Begin PBXResourcesBuildPhase section */
		F8CBBA802B94BCCA003205D7 /* Resources */ = {
			isa = PBXResourcesBuildPhase;
			buildActionMask = 2147483647;
			files = (
				F8CBBA8D2B94BCCB003205D7 /* Preview Assets.xcassets in Resources */,
				F8CBBA8A2B94BCCB003205D7 /* Assets.xcassets in Resources */,
			);
			runOnlyForDeploymentPostprocessing = 0;
		};
/* End PBXResourcesBuildPhase section */

/* Begin PBXSourcesBuildPhase section */
		F8CBBA7E2B94BCCA003205D7 /* Sources */ = {
			isa = PBXSourcesBuildPhase;
			buildActionMask = 2147483647;
			files = (
				F80A3F882B9DF7F100D2869B /* BookSamples.swift in Sources */,
				F8CBBA962B94D0DF003205D7 /* NewBookView.swift in Sources */,
				F8CBBA9A2B962464003205D7 /* RatingsView.swift in Sources */,
				F8046C172BB944E200A15CF0 /* NewGenreView.swift in Sources */,
				F8046C072BB5C57400A15CF0 /* Genre.swift in Sources */,
				F8F530C62B9F3E53002E6CF0 /* BookList.swift in Sources */,
				F8CBBA982B960CFC003205D7 /* EditBookView.swift in Sources */,
				F8CBBA882B94BCCA003205D7 /* BookListView.swift in Sources */,
				F8046C0B2BB5C7E800A15CF0 /* UIColor+Extension.swift in Sources */,
				F8F530C82BA5EAEB002E6CF0 /* Quote.swift in Sources */,
				F8CBBA862B94BCCA003205D7 /* MyBooksApp.swift in Sources */,
				F8046C152BB8650A00A15CF0 /* GenresView.swift in Sources */,
				F8046C0D2BB5C9E900A15CF0 /* GenreSamples.swift in Sources */,
				F8F530CA2BA5ED17002E6CF0 /* QuotesListView.swift in Sources */,
				F80A3F8A2B9DFAA300D2869B /* PreviewContainer.swift in Sources */,
				F8CBBA942B94BD0A003205D7 /* Book.swift in Sources */,
				F8046C092BB5C7BA00A15CF0 /* Color+Extension.swift in Sources */,
			);
			runOnlyForDeploymentPostprocessing = 0;
		};
/* End PBXSourcesBuildPhase section */

/* Begin XCBuildConfiguration section */
		F8CBBA8E2B94BCCB003205D7 /* Debug */ = {
			isa = XCBuildConfiguration;
			buildSettings = {
				ALWAYS_SEARCH_USER_PATHS = NO;
				ASSETCATALOG_COMPILER_GENERATE_SWIFT_ASSET_SYMBOL_EXTENSIONS = YES;
				CLANG_ANALYZER_NONNULL = YES;
				CLANG_ANALYZER_NUMBER_OBJECT_CONVERSION = YES_AGGRESSIVE;
				CLANG_CXX_LANGUAGE_STANDARD = "gnu++20";
				CLANG_ENABLE_MODULES = YES;
				CLANG_ENABLE_OBJC_ARC = YES;
				CLANG_ENABLE_OBJC_WEAK = YES;
				CLANG_WARN_BLOCK_CAPTURE_AUTORELEASING = YES;
				CLANG_WARN_BOOL_CONVERSION = YES;
				CLANG_WARN_COMMA = YES;
				CLANG_WARN_CONSTANT_CONVERSION = YES;
				CLANG_WARN_DEPRECATED_OBJC_IMPLEMENTATIONS = YES;
				CLANG_WARN_DIRECT_OBJC_ISA_USAGE = YES_ERROR;
				CLANG_WARN_DOCUMENTATION_COMMENTS = YES;
				CLANG_WARN_EMPTY_BODY = YES;
				CLANG_WARN_ENUM_CONVERSION = YES;
				CLANG_WARN_INFINITE_RECURSION = YES;
				CLANG_WARN_INT_CONVERSION = YES;
				CLANG_WARN_NON_LITERAL_NULL_CONVERSION = YES;
				CLANG_WARN_OBJC_IMPLICIT_RETAIN_SELF = YES;
				CLANG_WARN_OBJC_LITERAL_CONVERSION = YES;
				CLANG_WARN_OBJC_ROOT_CLASS = YES_ERROR;
				CLANG_WARN_QUOTED_INCLUDE_IN_FRAMEWORK_HEADER = YES;
				CLANG_WARN_RANGE_LOOP_ANALYSIS = YES;
				CLANG_WARN_STRICT_PROTOTYPES = YES;
				CLANG_WARN_SUSPICIOUS_MOVE = YES;
				CLANG_WARN_UNGUARDED_AVAILABILITY = YES_AGGRESSIVE;
				CLANG_WARN_UNREACHABLE_CODE = YES;
				CLANG_WARN__DUPLICATE_METHOD_MATCH = YES;
				COPY_PHASE_STRIP = NO;
				DEBUG_INFORMATION_FORMAT = dwarf;
				ENABLE_STRICT_OBJC_MSGSEND = YES;
				ENABLE_TESTABILITY = YES;
				ENABLE_USER_SCRIPT_SANDBOXING = YES;
				GCC_C_LANGUAGE_STANDARD = gnu17;
				GCC_DYNAMIC_NO_PIC = NO;
				GCC_NO_COMMON_BLOCKS = YES;
				GCC_OPTIMIZATION_LEVEL = 0;
				GCC_PREPROCESSOR_DEFINITIONS = (
					"DEBUG=1",
					"$(inherited)",
				);
				GCC_WARN_64_TO_32_BIT_CONVERSION = YES;
				GCC_WARN_ABOUT_RETURN_TYPE = YES_ERROR;
				GCC_WARN_UNDECLARED_SELECTOR = YES;
				GCC_WARN_UNINITIALIZED_AUTOS = YES_AGGRESSIVE;
				GCC_WARN_UNUSED_FUNCTION = YES;
				GCC_WARN_UNUSED_VARIABLE = YES;
				IPHONEOS_DEPLOYMENT_TARGET = 17.2;
				LOCALIZATION_PREFERS_STRING_CATALOGS = YES;
				MTL_ENABLE_DEBUG_INFO = INCLUDE_SOURCE;
				MTL_FAST_MATH = YES;
				ONLY_ACTIVE_ARCH = YES;
				SDKROOT = iphoneos;
				SWIFT_ACTIVE_COMPILATION_CONDITIONS = "DEBUG $(inherited)";
				SWIFT_OPTIMIZATION_LEVEL = "-Onone";
			};
			name = Debug;
		};
		F8CBBA8F2B94BCCB003205D7 /* Release */ = {
			isa = XCBuildConfiguration;
			buildSettings = {
				ALWAYS_SEARCH_USER_PATHS = NO;
				ASSETCATALOG_COMPILER_GENERATE_SWIFT_ASSET_SYMBOL_EXTENSIONS = YES;
				CLANG_ANALYZER_NONNULL = YES;
				CLANG_ANALYZER_NUMBER_OBJECT_CONVERSION = YES_AGGRESSIVE;
				CLANG_CXX_LANGUAGE_STANDARD = "gnu++20";
				CLANG_ENABLE_MODULES = YES;
				CLANG_ENABLE_OBJC_ARC = YES;
				CLANG_ENABLE_OBJC_WEAK = YES;
				CLANG_WARN_BLOCK_CAPTURE_AUTORELEASING = YES;
				CLANG_WARN_BOOL_CONVERSION = YES;
				CLANG_WARN_COMMA = YES;
				CLANG_WARN_CONSTANT_CONVERSION = YES;
				CLANG_WARN_DEPRECATED_OBJC_IMPLEMENTATIONS = YES;
				CLANG_WARN_DIRECT_OBJC_ISA_USAGE = YES_ERROR;
				CLANG_WARN_DOCUMENTATION_COMMENTS = YES;
				CLANG_WARN_EMPTY_BODY = YES;
				CLANG_WARN_ENUM_CONVERSION = YES;
				CLANG_WARN_INFINITE_RECURSION = YES;
				CLANG_WARN_INT_CONVERSION = YES;
				CLANG_WARN_NON_LITERAL_NULL_CONVERSION = YES;
				CLANG_WARN_OBJC_IMPLICIT_RETAIN_SELF = YES;
				CLANG_WARN_OBJC_LITERAL_CONVERSION = YES;
				CLANG_WARN_OBJC_ROOT_CLASS = YES_ERROR;
				CLANG_WARN_QUOTED_INCLUDE_IN_FRAMEWORK_HEADER = YES;
				CLANG_WARN_RANGE_LOOP_ANALYSIS = YES;
				CLANG_WARN_STRICT_PROTOTYPES = YES;
				CLANG_WARN_SUSPICIOUS_MOVE = YES;
				CLANG_WARN_UNGUARDED_AVAILABILITY = YES_AGGRESSIVE;
				CLANG_WARN_UNREACHABLE_CODE = YES;
				CLANG_WARN__DUPLICATE_METHOD_MATCH = YES;
				COPY_PHASE_STRIP = NO;
				DEBUG_INFORMATION_FORMAT = "dwarf-with-dsym";
				ENABLE_NS_ASSERTIONS = NO;
				ENABLE_STRICT_OBJC_MSGSEND = YES;
				ENABLE_USER_SCRIPT_SANDBOXING = YES;
				GCC_C_LANGUAGE_STANDARD = gnu17;
				GCC_NO_COMMON_BLOCKS = YES;
				GCC_WARN_64_TO_32_BIT_CONVERSION = YES;
				GCC_WARN_ABOUT_RETURN_TYPE = YES_ERROR;
				GCC_WARN_UNDECLARED_SELECTOR = YES;
				GCC_WARN_UNINITIALIZED_AUTOS = YES_AGGRESSIVE;
				GCC_WARN_UNUSED_FUNCTION = YES;
				GCC_WARN_UNUSED_VARIABLE = YES;
				IPHONEOS_DEPLOYMENT_TARGET = 17.2;
				LOCALIZATION_PREFERS_STRING_CATALOGS = YES;
				MTL_ENABLE_DEBUG_INFO = NO;
				MTL_FAST_MATH = YES;
				SDKROOT = iphoneos;
				SWIFT_COMPILATION_MODE = wholemodule;
				VALIDATE_PRODUCT = YES;
			};
			name = Release;
		};
		F8CBBA912B94BCCB003205D7 /* Debug */ = {
			isa = XCBuildConfiguration;
			buildSettings = {
				ASSETCATALOG_COMPILER_APPICON_NAME = AppIcon;
				ASSETCATALOG_COMPILER_GLOBAL_ACCENT_COLOR_NAME = AccentColor;
				CODE_SIGN_STYLE = Automatic;
				CURRENT_PROJECT_VERSION = 1;
				DEVELOPMENT_ASSET_PATHS = "\"MyBooks/Preview Content\"";
				DEVELOPMENT_TEAM = G4WRMD578D;
				ENABLE_PREVIEWS = YES;
				GENERATE_INFOPLIST_FILE = YES;
				INFOPLIST_KEY_UIApplicationSceneManifest_Generation = YES;
				INFOPLIST_KEY_UIApplicationSupportsIndirectInputEvents = YES;
				INFOPLIST_KEY_UILaunchScreen_Generation = YES;
				INFOPLIST_KEY_UISupportedInterfaceOrientations_iPad = "UIInterfaceOrientationPortrait UIInterfaceOrientationPortraitUpsideDown UIInterfaceOrientationLandscapeLeft UIInterfaceOrientationLandscapeRight";
				INFOPLIST_KEY_UISupportedInterfaceOrientations_iPhone = "UIInterfaceOrientationPortrait UIInterfaceOrientationLandscapeLeft UIInterfaceOrientationLandscapeRight";
				LD_RUNPATH_SEARCH_PATHS = (
					"$(inherited)",
					"@executable_path/Frameworks",
				);
				MARKETING_VERSION = 1.0;
				PRODUCT_BUNDLE_IDENTIFIER = com.xlin.MyBooks;
				PRODUCT_NAME = "$(TARGET_NAME)";
				SWIFT_EMIT_LOC_STRINGS = YES;
				SWIFT_VERSION = 5.0;
				TARGETED_DEVICE_FAMILY = "1,2";
			};
			name = Debug;
		};
		F8CBBA922B94BCCB003205D7 /* Release */ = {
			isa = XCBuildConfiguration;
			buildSettings = {
				ASSETCATALOG_COMPILER_APPICON_NAME = AppIcon;
				ASSETCATALOG_COMPILER_GLOBAL_ACCENT_COLOR_NAME = AccentColor;
				CODE_SIGN_STYLE = Automatic;
				CURRENT_PROJECT_VERSION = 1;
				DEVELOPMENT_ASSET_PATHS = "\"MyBooks/Preview Content\"";
				DEVELOPMENT_TEAM = G4WRMD578D;
				ENABLE_PREVIEWS = YES;
				GENERATE_INFOPLIST_FILE = YES;
				INFOPLIST_KEY_UIApplicationSceneManifest_Generation = YES;
				INFOPLIST_KEY_UIApplicationSupportsIndirectInputEvents = YES;
				INFOPLIST_KEY_UILaunchScreen_Generation = YES;
				INFOPLIST_KEY_UISupportedInterfaceOrientations_iPad = "UIInterfaceOrientationPortrait UIInterfaceOrientationPortraitUpsideDown UIInterfaceOrientationLandscapeLeft UIInterfaceOrientationLandscapeRight";
				INFOPLIST_KEY_UISupportedInterfaceOrientations_iPhone = "UIInterfaceOrientationPortrait UIInterfaceOrientationLandscapeLeft UIInterfaceOrientationLandscapeRight";
				LD_RUNPATH_SEARCH_PATHS = (
					"$(inherited)",
					"@executable_path/Frameworks",
				);
				MARKETING_VERSION = 1.0;
				PRODUCT_BUNDLE_IDENTIFIER = com.xlin.MyBooks;
				PRODUCT_NAME = "$(TARGET_NAME)";
				SWIFT_EMIT_LOC_STRINGS = YES;
				SWIFT_VERSION = 5.0;
				TARGETED_DEVICE_FAMILY = "1,2";
			};
			name = Release;
		};
/* End XCBuildConfiguration section */

/* Begin XCConfigurationList section */
		F8CBBA7D2B94BCCA003205D7 /* Build configuration list for PBXProject "MyBooks" */ = {
			isa = XCConfigurationList;
			buildConfigurations = (
				F8CBBA8E2B94BCCB003205D7 /* Debug */,
				F8CBBA8F2B94BCCB003205D7 /* Release */,
			);
			defaultConfigurationIsVisible = 0;
			defaultConfigurationName = Release;
		};
		F8CBBA902B94BCCB003205D7 /* Build configuration list for PBXNativeTarget "MyBooks" */ = {
			isa = XCConfigurationList;
			buildConfigurations = (
				F8CBBA912B94BCCB003205D7 /* Debug */,
				F8CBBA922B94BCCB003205D7 /* Release */,
			);
			defaultConfigurationIsVisible = 0;
			defaultConfigurationName = Release;
		};
/* End XCConfigurationList section */
	};
	rootObject = F8CBBA7A2B94BCCA003205D7 /* Project object */;
}
